NeoBundleLock ctrlp.vim bde7a2950adaa82e894d7bdf69e3e7383e40d229
NeoBundleLock jedi-vim c8164fdfdaea5dd0533dd073e32e406bcb4526eb
NeoBundleLock minibufexpl.vim ad72976ca3df4585d49aa296799f14f3b34cf953
NeoBundleLock neobundle.vim 26d03781886ed887e390d4ad8b935987754b1c2c
NeoBundleLock neosnippet-snippets 8dbb78599984140c50418d3dd23d0de4c8f13e74
NeoBundleLock neosnippet.vim c86a19b06a39da938d599f26775522e7a98cb65b
NeoBundleLock nerdtree 5782b228e495c733af4ba2e547e5dc44ebc8bc25
NeoBundleLock syntastic cd871da6b4515e393ec0ba885423594447980e09
NeoBundleLock vim-autoclose a9a3b7384657bc1f60a963fd6c08c63fc48d61c3
NeoBundleLock vim-colorschemes eab315701f4627967fd62582eefc4e37a3745786
NeoBundleLock vim-fugitive 8f60d1d459362771cb68c0097565efdf52e62ec3
NeoBundleLock vimshell 3787e52766812d8b99a93ccdda57517bc2a0bab6
